
Microsoft Visual Studio Solution File, Format Version 12.00
# Visual Studio Version 17
VisualStudioVersion = 17.1.32328.378
MinimumVisualStudioVersion = 10.0.40219.1
Project("{00D1A9C2-B5F0-4AF3-8072-F6C62B433612}") = "CliningContoraFromValera.DB", "CliningContoraFromValera.DB\CliningContoraFromValera.DB.sqlproj", "{2A555257-4B2C-4277-B10E-71C4055ECD4B}"
EndProject
Project("{FAE04EC0-301F-11D3-BF4B-00C04F79EFBC}") = "CliningContoraFromValera.Bll", "CliningContoraFromValera.Bll\CliningContoraFromValera.Bll.csproj", "{F24D67D4-66D0-427F-8E5F-C45A235647AB}"
EndProject
Project("{FAE04EC0-301F-11D3-BF4B-00C04F79EFBC}") = "CliningContoraFromValera.DAL", "CliningContoraFromValera.DAL\CliningContoraFromValera.DAL.csproj", "{4A2A0A10-7D54-48DB-A025-D9294D7CD222}"
EndProject
Global
	GlobalSection(SolutionConfigurationPlatforms) = preSolution
		Debug|Any CPU = Debug|Any CPU
		Release|Any CPU = Release|Any CPU
	EndGlobalSection
	GlobalSection(ProjectConfigurationPlatforms) = postSolution
		{2A555257-4B2C-4277-B10E-71C4055ECD4B}.Debug|Any CPU.ActiveCfg = Debug|Any CPU
		{2A555257-4B2C-4277-B10E-71C4055ECD4B}.Debug|Any CPU.Build.0 = Debug|Any CPU
		{2A555257-4B2C-4277-B10E-71C4055ECD4B}.Debug|Any CPU.Deploy.0 = Debug|Any CPU
		{2A555257-4B2C-4277-B10E-71C4055ECD4B}.Release|Any CPU.ActiveCfg = Release|Any CPU
		{2A555257-4B2C-4277-B10E-71C4055ECD4B}.Release|Any CPU.Build.0 = Release|Any CPU
		{2A555257-4B2C-4277-B10E-71C4055ECD4B}.Release|Any CPU.Deploy.0 = Release|Any CPU
		{F24D67D4-66D0-427F-8E5F-C45A235647AB}.Debug|Any CPU.ActiveCfg = Debug|Any CPU
		{F24D67D4-66D0-427F-8E5F-C45A235647AB}.Debug|Any CPU.Build.0 = Debug|Any CPU
		{F24D67D4-66D0-427F-8E5F-C45A235647AB}.Release|Any CPU.ActiveCfg = Release|Any CPU
		{F24D67D4-66D0-427F-8E5F-C45A235647AB}.Release|Any CPU.Build.0 = Release|Any CPU
		{4A2A0A10-7D54-48DB-A025-D9294D7CD222}.Debug|Any CPU.ActiveCfg = Debug|Any CPU
		{4A2A0A10-7D54-48DB-A025-D9294D7CD222}.Debug|Any CPU.Build.0 = Debug|Any CPU
		{4A2A0A10-7D54-48DB-A025-D9294D7CD222}.Release|Any CPU.ActiveCfg = Release|Any CPU
		{4A2A0A10-7D54-48DB-A025-D9294D7CD222}.Release|Any CPU.Build.0 = Release|Any CPU
	EndGlobalSection
	GlobalSection(SolutionProperties) = preSolution
		HideSolutionNode = FALSE
	EndGlobalSection
	GlobalSection(ExtensibilityGlobals) = postSolution
		SolutionGuid = {A2B70226-5E16-4033-BEEF-471780D5C75D}
	EndGlobalSection
EndGlobal
